{
  "nodes": {
    "dioxus": {
      "inputs": {
        "nixpkgs": [
          "nixpkgs"
        ],
        "rust-overlay": "rust-overlay"
      },
      "locked": {
        "dir": "dioxus",
        "lastModified": 1762940370,
        "narHash": "sha256-Lpbil2NdtbnbuKUgcovnanT5YFUFQnqex3SBSRHa6BI=",
        "owner": "NeilDarach",
        "repo": "flakes",
        "rev": "6c25b97d4a1a4f0be545f20edcfb3bc7d437af89",
        "type": "github"
      },
      "original": {
        "dir": "dioxus",
        "owner": "NeilDarach",
        "repo": "flakes",
        "type": "github"
      }
    },
    "nixpkgs": {
      "locked": {
        "lastModified": 1762111121,
        "narHash": "sha256-4vhDuZ7OZaZmKKrnDpxLZZpGIJvAeMtK6FKLJYUtAdw=",
        "owner": "NixOS",
        "repo": "nixpkgs",
        "rev": "b3d51a0365f6695e7dd5cdf3e180604530ed33b4",
        "type": "github"
      },
      "original": {
        "owner": "NixOS",
        "ref": "nixos-unstable",
        "repo": "nixpkgs",
        "type": "github"
      }
    },
    "nixpkgs-dioxus": {
      "locked": {
        "lastModified": 1762458819,
        "narHash": "sha256-CXC+VFPP3Gs28rpCG1h0Dr/3/VyWfud2oxjNbdfCvq8=",
        "owner": "CathalMullan",
        "repo": "nixpkgs",
        "rev": "d494dc5136a457cbc780ccb10ac58989b7667a40",
        "type": "github"
      },
      "original": {
        "owner": "CathalMullan",
        "ref": "dioxus-cli-v0.7.0",
        "repo": "nixpkgs",
        "type": "github"
      }
    },
    "root": {
      "inputs": {
        "dioxus": "dioxus",
        "nixpkgs": "nixpkgs",
        "nixpkgs-dioxus": "nixpkgs-dioxus"
      }
    },
    "rust-overlay": {
      "inputs": {
        "nixpkgs": [
          "dioxus",
          "nixpkgs"
        ]
      },
      "locked": {
        "lastModified": 1762915112,
        "narHash": "sha256-d9j1g8nKmYDHy+/bIOPQTh9IwjRliqaTM0QLHMV92Ic=",
        "owner": "oxalica",
        "repo": "rust-overlay",
        "rev": "aa1e85921cfa04de7b6914982a94621fbec5cc02",
        "type": "github"
      },
      "original": {
        "owner": "oxalica",
        "repo": "rust-overlay",
        "type": "github"
      }
    }
  },
  "root": "root",
  "version": 7
}
