{
  "nodes": {
    "dioxus": {
      "inputs": {
        "nixpkgs": [
          "nixpkgs"
        ],
        "rust-overlay": "rust-overlay"
      },
      "locked": {
        "dir": "dioxus",
        "lastModified": 1762952049,
        "narHash": "sha256-vpazzx8qKFrUo7pI8GKDo50XKzNNtYE8lFH3Skm/OjQ=",
        "owner": "NeilDarach",
        "repo": "flakes",
        "rev": "cc40c577f63bf6c135a8c74584dd8606546de464",
        "type": "github"
      },
      "original": {
        "dir": "dioxus",
        "owner": "NeilDarach",
        "repo": "flakes",
        "type": "github"
      }
    },
    "nixpkgs": {
      "locked": {
        "lastModified": 1762756533,
        "narHash": "sha256-HiRDeUOD1VLklHeOmaKDzf+8Hb7vSWPVFcWwaTrpm+U=",
        "owner": "NixOS",
        "repo": "nixpkgs",
        "rev": "c2448301fb856e351aab33e64c33a3fc8bcf637d",
        "type": "github"
      },
      "original": {
        "owner": "NixOS",
        "ref": "nixos-25.05",
        "repo": "nixpkgs",
        "type": "github"
      }
    },
    "nixpkgs-dioxus": {
      "locked": {
        "lastModified": 1762458819,
        "narHash": "sha256-CXC+VFPP3Gs28rpCG1h0Dr/3/VyWfud2oxjNbdfCvq8=",
        "owner": "CathalMullan",
        "repo": "nixpkgs",
        "rev": "d494dc5136a457cbc780ccb10ac58989b7667a40",
        "type": "github"
      },
      "original": {
        "owner": "CathalMullan",
        "ref": "dioxus-cli-v0.7.0",
        "repo": "nixpkgs",
        "type": "github"
      }
    },
    "root": {
      "inputs": {
        "dioxus": "dioxus",
        "nixpkgs": "nixpkgs",
        "nixpkgs-dioxus": "nixpkgs-dioxus"
      }
    },
    "rust-overlay": {
      "inputs": {
        "nixpkgs": [
          "dioxus",
          "nixpkgs"
        ]
      },
      "locked": {
        "lastModified": 1762915112,
        "narHash": "sha256-d9j1g8nKmYDHy+/bIOPQTh9IwjRliqaTM0QLHMV92Ic=",
        "owner": "oxalica",
        "repo": "rust-overlay",
        "rev": "aa1e85921cfa04de7b6914982a94621fbec5cc02",
        "type": "github"
      },
      "original": {
        "owner": "oxalica",
        "repo": "rust-overlay",
        "type": "github"
      }
    }
  },
  "root": "root",
  "version": 7
}
